{
  "requires": true,
  "lockfileVersion": 1,
  "dependencies": {
    "@splidejs/splide": {
      "version": "3.5.0",
      "resolved": "https://registry.npmjs.org/@splidejs/splide/-/splide-3.5.0.tgz",
      "integrity": "sha512-87dj+rBvOskYo/0i5ivTx/9Vz7BPlZrjyHcQQmF4kQ4QgcZPRie/TZRw4BFHA7dhZGIeknASI459ZCkh3es1fA=="
    }
  }
}
